
Microsoft Visual Studio Solution File, Format Version 12.00
# Visual Studio Version 17
VisualStudioVersion = 17.3.32804.467
MinimumVisualStudioVersion = 10.0.40219.1
Project("{FAE04EC0-301F-11D3-BF4B-00C04F79EFBC}") = "ApiTarefas", "ApiTarefas\ApiTarefas.csproj", "{690C2F1D-6E3A-4DE3-A96E-FC6A28E6803C}"
EndProject
Global
	GlobalSection(SolutionConfigurationPlatforms) = preSolution
		Debug|Any CPU = Debug|Any CPU
		Release|Any CPU = Release|Any CPU
	EndGlobalSection
	GlobalSection(ProjectConfigurationPlatforms) = postSolution
		{690C2F1D-6E3A-4DE3-A96E-FC6A28E6803C}.Debug|Any CPU.ActiveCfg = Debug|Any CPU
		{690C2F1D-6E3A-4DE3-A96E-FC6A28E6803C}.Debug|Any CPU.Build.0 = Debug|Any CPU
		{690C2F1D-6E3A-4DE3-A96E-FC6A28E6803C}.Release|Any CPU.ActiveCfg = Release|Any CPU
		{690C2F1D-6E3A-4DE3-A96E-FC6A28E6803C}.Release|Any CPU.Build.0 = Release|Any CPU
	EndGlobalSection
	GlobalSection(SolutionProperties) = preSolution
		HideSolutionNode = FALSE
	EndGlobalSection
	GlobalSection(ExtensibilityGlobals) = postSolution
		SolutionGuid = {09BDEE29-384F-499F-BB7B-D79441216EBF}
	EndGlobalSection
EndGlobal
